// !$*UTF8*$!
{
	archiveVersion = 1;
	classes = {
	};
	objectVersion = 52;
	objects = {

/* Begin PBXBuildFile section */
		44081E0E243C34CF006E82F5 /* CovidMapViewController.swift in Sources */ = {isa = PBXBuildFile; fileRef = 44081E0D243C34CF006E82F5 /* CovidMapViewController.swift */; };
		44081E14243C96DB006E82F5 /* CovidMapViewModel.swift in Sources */ = {isa = PBXBuildFile; fileRef = 44081E13243C96DB006E82F5 /* CovidMapViewModel.swift */; };
		44081E16243C97BB006E82F5 /* CovidAnnotationView.swift in Sources */ = {isa = PBXBuildFile; fileRef = 44081E15243C97BB006E82F5 /* CovidAnnotationView.swift */; };
		44081E19243C97DC006E82F5 /* CovidAnnotation.swift in Sources */ = {isa = PBXBuildFile; fileRef = 44081E18243C97DC006E82F5 /* CovidAnnotation.swift */; };
		44081E1F243CA754006E82F5 /* CovidSharedData.swift in Sources */ = {isa = PBXBuildFile; fileRef = 44081E1E243CA754006E82F5 /* CovidSharedData.swift */; };
		44081E21243CAA42006E82F5 /* CovidClusterAnnotationView.swift in Sources */ = {isa = PBXBuildFile; fileRef = 44081E20243CAA42006E82F5 /* CovidClusterAnnotationView.swift */; };
		441CCB1424434E4400979FC5 /* CovidChartBaseViewController.swift in Sources */ = {isa = PBXBuildFile; fileRef = 441CCB1324434E4300979FC5 /* CovidChartBaseViewController.swift */; };
		441CCB1624434F9F00979FC5 /* CovidCountryTableViewController.swift in Sources */ = {isa = PBXBuildFile; fileRef = 441CCB1524434F9F00979FC5 /* CovidCountryTableViewController.swift */; };
		441CCB1824434FC300979FC5 /* CovidCountryListViewModel.swift in Sources */ = {isa = PBXBuildFile; fileRef = 441CCB1724434FC300979FC5 /* CovidCountryListViewModel.swift */; };
		441CCB1C24435C9400979FC5 /* CovidCountryCell.swift in Sources */ = {isa = PBXBuildFile; fileRef = 441CCB1A24435C9400979FC5 /* CovidCountryCell.swift */; };
		441CCB1D24435C9400979FC5 /* CovidCountryCell.xib in Resources */ = {isa = PBXBuildFile; fileRef = 441CCB1B24435C9400979FC5 /* CovidCountryCell.xib */; };
		448B3BCA2439AD8700C8526F /* CovidAppDelegate.swift in Sources */ = {isa = PBXBuildFile; fileRef = 448B3BC92439AD8700C8526F /* CovidAppDelegate.swift */; };
		448B3BD12439AD8700C8526F /* Main.storyboard in Resources */ = {isa = PBXBuildFile; fileRef = 448B3BCF2439AD8700C8526F /* Main.storyboard */; };
		448B3BD32439AD8C00C8526F /* Assets.xcassets in Resources */ = {isa = PBXBuildFile; fileRef = 448B3BD22439AD8C00C8526F /* Assets.xcassets */; };
		448B3BD62439AD8C00C8526F /* LaunchScreen.storyboard in Resources */ = {isa = PBXBuildFile; fileRef = 448B3BD42439AD8C00C8526F /* LaunchScreen.storyboard */; };
		448B3BE12439AD8D00C8526F /* Covid19_UpdatesTests.swift in Sources */ = {isa = PBXBuildFile; fileRef = 448B3BE02439AD8D00C8526F /* Covid19_UpdatesTests.swift */; };
		448B3BED2439B27C00C8526F /* RoundButton.swift in Sources */ = {isa = PBXBuildFile; fileRef = 448B3BEC2439B27C00C8526F /* RoundButton.swift */; };
		448B3BEF2439B31900C8526F /* CovidAppConstants.swift in Sources */ = {isa = PBXBuildFile; fileRef = 448B3BEE2439B31900C8526F /* CovidAppConstants.swift */; };
		448B3BF12439B34400C8526F /* CovidAppExtension.swift in Sources */ = {isa = PBXBuildFile; fileRef = 448B3BF02439B34400C8526F /* CovidAppExtension.swift */; };
		448B3BF72439B71500C8526F /* CovidDashboardCell.swift in Sources */ = {isa = PBXBuildFile; fileRef = 448B3BF52439B71500C8526F /* CovidDashboardCell.swift */; };
		448B3BF82439B71500C8526F /* CovidDashboardCell.xib in Resources */ = {isa = PBXBuildFile; fileRef = 448B3BF62439B71500C8526F /* CovidDashboardCell.xib */; };
		448B3BFD2439BF2A00C8526F /* CovidDashboardCellViewModel.swift in Sources */ = {isa = PBXBuildFile; fileRef = 448B3BFC2439BF2A00C8526F /* CovidDashboardCellViewModel.swift */; };
		448B3C072439BF9D00C8526F /* NSObject+Observable.swift in Sources */ = {isa = PBXBuildFile; fileRef = 448B3BFF2439BF9D00C8526F /* NSObject+Observable.swift */; };
		448B3C082439BF9D00C8526F /* Binding.swift in Sources */ = {isa = PBXBuildFile; fileRef = 448B3C002439BF9D00C8526F /* Binding.swift */; };
		448B3C092439BF9D00C8526F /* BlockBasedSelector.swift in Sources */ = {isa = PBXBuildFile; fileRef = 448B3C012439BF9D00C8526F /* BlockBasedSelector.swift */; };
		448B3C0A2439BF9D00C8526F /* UIControls+Bindable.swift in Sources */ = {isa = PBXBuildFile; fileRef = 448B3C022439BF9D00C8526F /* UIControls+Bindable.swift */; };
		448B3C0B2439BF9D00C8526F /* BlockBasedSelector.m in Sources */ = {isa = PBXBuildFile; fileRef = 448B3C032439BF9D00C8526F /* BlockBasedSelector.m */; };
		448B3C0C2439BF9D00C8526F /* DynamicValue.swift in Sources */ = {isa = PBXBuildFile; fileRef = 448B3C042439BF9D00C8526F /* DynamicValue.swift */; };
		448B3C0D2439BF9D00C8526F /* Observable.swift in Sources */ = {isa = PBXBuildFile; fileRef = 448B3C052439BF9D00C8526F /* Observable.swift */; };
		448B3C10243A098400C8526F /* CovidCommonProtocol.swift in Sources */ = {isa = PBXBuildFile; fileRef = 448B3C0F243A098400C8526F /* CovidCommonProtocol.swift */; };
		448B3C17243A0AE200C8526F /* APIConstants.swift in Sources */ = {isa = PBXBuildFile; fileRef = 448B3C12243A0AE200C8526F /* APIConstants.swift */; };
		448B3C18243A0AE200C8526F /* NetworkAdapter.swift in Sources */ = {isa = PBXBuildFile; fileRef = 448B3C13243A0AE200C8526F /* NetworkAdapter.swift */; };
		448B3C19243A0AE200C8526F /* NetworkError.swift in Sources */ = {isa = PBXBuildFile; fileRef = 448B3C14243A0AE200C8526F /* NetworkError.swift */; };
		448B3C1A243A0AE200C8526F /* NetworkProtocol.swift in Sources */ = {isa = PBXBuildFile; fileRef = 448B3C16243A0AE200C8526F /* NetworkProtocol.swift */; };
		448B3C1D243A0E0400C8526F /* CovidDashboardViewController.swift in Sources */ = {isa = PBXBuildFile; fileRef = 448B3C1C243A0E0400C8526F /* CovidDashboardViewController.swift */; };
		448B3C20243A0E4D00C8526F /* CovidDashboardFetcher.swift in Sources */ = {isa = PBXBuildFile; fileRef = 448B3C1F243A0E4D00C8526F /* CovidDashboardFetcher.swift */; };
		448B3C23243A0FD500C8526F /* Reachability in Frameworks */ = {isa = PBXBuildFile; productRef = 448B3C22243A0FD500C8526F /* Reachability */; };
		448B3C26243A10F100C8526F /* CovidAllCases.swift in Sources */ = {isa = PBXBuildFile; fileRef = 448B3C25243A10F100C8526F /* CovidAllCases.swift */; };
		448B3C29243A133C00C8526F /* CovidDashboardViewModel.swift in Sources */ = {isa = PBXBuildFile; fileRef = 448B3C28243A133C00C8526F /* CovidDashboardViewModel.swift */; };
		448B3C2C243AD69100C8526F /* CovidDashboardCollectionCell.swift in Sources */ = {isa = PBXBuildFile; fileRef = 448B3C2A243AD69100C8526F /* CovidDashboardCollectionCell.swift */; };
		448B3C2D243AD69100C8526F /* CovidDashboardCollectionCell.xib in Resources */ = {isa = PBXBuildFile; fileRef = 448B3C2B243AD69100C8526F /* CovidDashboardCollectionCell.xib */; };
		448B3C3C243ADF4F00C8526F /* LICENSE in Resources */ = {isa = PBXBuildFile; fileRef = 448B3C32243ADF4F00C8526F /* LICENSE */; };
		448B3C3D243ADF4F00C8526F /* RadialGradientLayer.swift in Sources */ = {isa = PBXBuildFile; fileRef = 448B3C35243ADF4F00C8526F /* RadialGradientLayer.swift */; };
		448B3C3E243ADF4F00C8526F /* IndefiniteAnimatedView.swift in Sources */ = {isa = PBXBuildFile; fileRef = 448B3C36243ADF4F00C8526F /* IndefiniteAnimatedView.swift */; };
		448B3C3F243ADF4F00C8526F /* ProgressAnimatedView.swift in Sources */ = {isa = PBXBuildFile; fileRef = 448B3C37243ADF4F00C8526F /* ProgressAnimatedView.swift */; };
		448B3C40243ADF4F00C8526F /* IHProgressHUD.swift in Sources */ = {isa = PBXBuildFile; fileRef = 448B3C38243ADF4F00C8526F /* IHProgressHUD.swift */; };
		448B3C41243ADF4F00C8526F /* IHProgressHUD.bundle in Resources */ = {isa = PBXBuildFile; fileRef = 448B3C39243ADF4F00C8526F /* IHProgressHUD.bundle */; };
		448B3C42243ADF4F00C8526F /* Assets.xcassets in Resources */ = {isa = PBXBuildFile; fileRef = 448B3C3A243ADF4F00C8526F /* Assets.xcassets */; };
		448B3C43243ADF4F00C8526F /* README.md in Resources */ = {isa = PBXBuildFile; fileRef = 448B3C3B243ADF4F00C8526F /* README.md */; };
		448B3C46243AE13700C8526F /* CovidDashboardCollectionHolderCell.swift in Sources */ = {isa = PBXBuildFile; fileRef = 448B3C44243AE13700C8526F /* CovidDashboardCollectionHolderCell.swift */; };
		448B3C47243AE13700C8526F /* CovidDashboardCollectionHolderCell.xib in Resources */ = {isa = PBXBuildFile; fileRef = 448B3C45243AE13700C8526F /* CovidDashboardCollectionHolderCell.xib */; };
		448B3C49243AE1D800C8526F /* CovidDashboardCollectionHolderCellViewModel.swift in Sources */ = {isa = PBXBuildFile; fileRef = 448B3C48243AE1D800C8526F /* CovidDashboardCollectionHolderCellViewModel.swift */; };
		448B3C4D243B0BFE00C8526F /* ShadowView.swift in Sources */ = {isa = PBXBuildFile; fileRef = 448B3C4C243B0BFE00C8526F /* ShadowView.swift */; };
		448B3C51243B151900C8526F /* CovidDashboardHeaderView.swift in Sources */ = {isa = PBXBuildFile; fileRef = 448B3C4F243B151900C8526F /* CovidDashboardHeaderView.swift */; };
		448B3C52243B151900C8526F /* CovidDashboardHeaderView.xib in Resources */ = {isa = PBXBuildFile; fileRef = 448B3C50243B151900C8526F /* CovidDashboardHeaderView.xib */; };
		44A76839243B663E007162F4 /* CovidDetails.storyboard in Resources */ = {isa = PBXBuildFile; fileRef = 44A76838243B663E007162F4 /* CovidDetails.storyboard */; };
		44A7683B243B66CC007162F4 /* CovidDetailsViewController.swift in Sources */ = {isa = PBXBuildFile; fileRef = 44A7683A243B66CC007162F4 /* CovidDetailsViewController.swift */; };
		44EFA05B2441FA270014F221 /* Charts in Frameworks */ = {isa = PBXBuildFile; productRef = 44EFA05A2441FA270014F221 /* Charts */; };
		44EFA063244200A00014F221 /* CovidPieChartViewController.swift in Sources */ = {isa = PBXBuildFile; fileRef = 44EFA062244200A00014F221 /* CovidPieChartViewController.swift */; };
		44EFA069244205D00014F221 /* HistoricalData.swift in Sources */ = {isa = PBXBuildFile; fileRef = 44EFA068244205D00014F221 /* HistoricalData.swift */; };
		44EFA06C24420B320014F221 /* HistoricalDataFetcher.swift in Sources */ = {isa = PBXBuildFile; fileRef = 44EFA06B24420B320014F221 /* HistoricalDataFetcher.swift */; };
		44EFA06F24420F260014F221 /* PieChartViewViewModel.swift in Sources */ = {isa = PBXBuildFile; fileRef = 44EFA06E24420F260014F221 /* PieChartViewViewModel.swift */; };
		44EFA0712442ECD90014F221 /* CovidJohnHopkinsData.swift in Sources */ = {isa = PBXBuildFile; fileRef = 44EFA0702442ECD90014F221 /* CovidJohnHopkinsData.swift */; };
/* End PBXBuildFile section */

/* Begin PBXContainerItemProxy section */
		448B3BDD2439AD8C00C8526F /* PBXContainerItemProxy */ = {
			isa = PBXContainerItemProxy;
			containerPortal = 448B3BBE2439AD8700C8526F /* Project object */;
			proxyType = 1;
			remoteGlobalIDString = 448B3BC52439AD8700C8526F;
			remoteInfo = "Covid19-Updates";
		};
/* End PBXContainerItemProxy section */

/* Begin PBXFileReference section */
		44081E0D243C34CF006E82F5 /* CovidMapViewController.swift */ = {isa = PBXFileReference; lastKnownFileType = sourcecode.swift; path = CovidMapViewController.swift; sourceTree = "<group>"; };
		44081E13243C96DB006E82F5 /* CovidMapViewModel.swift */ = {isa = PBXFileReference; lastKnownFileType = sourcecode.swift; path = CovidMapViewModel.swift; sourceTree = "<group>"; };
		44081E15243C97BB006E82F5 /* CovidAnnotationView.swift */ = {isa = PBXFileReference; lastKnownFileType = sourcecode.swift; path = CovidAnnotationView.swift; sourceTree = "<group>"; };
		44081E18243C97DC006E82F5 /* CovidAnnotation.swift */ = {isa = PBXFileReference; lastKnownFileType = sourcecode.swift; path = CovidAnnotation.swift; sourceTree = "<group>"; };
		44081E1E243CA754006E82F5 /* CovidSharedData.swift */ = {isa = PBXFileReference; lastKnownFileType = sourcecode.swift; path = CovidSharedData.swift; sourceTree = "<group>"; };
		44081E20243CAA42006E82F5 /* CovidClusterAnnotationView.swift */ = {isa = PBXFileReference; fileEncoding = 4; lastKnownFileType = sourcecode.swift; path = CovidClusterAnnotationView.swift; sourceTree = "<group>"; };
		441CCB1324434E4300979FC5 /* CovidChartBaseViewController.swift */ = {isa = PBXFileReference; fileEncoding = 4; lastKnownFileType = sourcecode.swift; path = CovidChartBaseViewController.swift; sourceTree = "<group>"; };
		441CCB1524434F9F00979FC5 /* CovidCountryTableViewController.swift */ = {isa = PBXFileReference; lastKnownFileType = sourcecode.swift; path = CovidCountryTableViewController.swift; sourceTree = "<group>"; };
		441CCB1724434FC300979FC5 /* CovidCountryListViewModel.swift */ = {isa = PBXFileReference; lastKnownFileType = sourcecode.swift; path = CovidCountryListViewModel.swift; sourceTree = "<group>"; };
		441CCB1A24435C9400979FC5 /* CovidCountryCell.swift */ = {isa = PBXFileReference; lastKnownFileType = sourcecode.swift; path = CovidCountryCell.swift; sourceTree = "<group>"; };
		441CCB1B24435C9400979FC5 /* CovidCountryCell.xib */ = {isa = PBXFileReference; lastKnownFileType = file.xib; path = CovidCountryCell.xib; sourceTree = "<group>"; };
		448B3BC62439AD8700C8526F /* Covid19-Updates.app */ = {isa = PBXFileReference; explicitFileType = wrapper.application; includeInIndex = 0; path = "Covid19-Updates.app"; sourceTree = BUILT_PRODUCTS_DIR; };
		448B3BC92439AD8700C8526F /* CovidAppDelegate.swift */ = {isa = PBXFileReference; lastKnownFileType = sourcecode.swift; path = CovidAppDelegate.swift; sourceTree = "<group>"; };
		448B3BD02439AD8700C8526F /* Base */ = {isa = PBXFileReference; lastKnownFileType = file.storyboard; name = Base; path = Base.lproj/Main.storyboard; sourceTree = "<group>"; };
		448B3BD22439AD8C00C8526F /* Assets.xcassets */ = {isa = PBXFileReference; lastKnownFileType = folder.assetcatalog; path = Assets.xcassets; sourceTree = "<group>"; };
		448B3BD52439AD8C00C8526F /* Base */ = {isa = PBXFileReference; lastKnownFileType = file.storyboard; name = Base; path = Base.lproj/LaunchScreen.storyboard; sourceTree = "<group>"; };
		448B3BD72439AD8C00C8526F /* Info.plist */ = {isa = PBXFileReference; lastKnownFileType = text.plist.xml; path = Info.plist; sourceTree = "<group>"; };
		448B3BDC2439AD8C00C8526F /* Covid19-UpdatesTests.xctest */ = {isa = PBXFileReference; explicitFileType = wrapper.cfbundle; includeInIndex = 0; path = "Covid19-UpdatesTests.xctest"; sourceTree = BUILT_PRODUCTS_DIR; };
		448B3BE02439AD8D00C8526F /* Covid19_UpdatesTests.swift */ = {isa = PBXFileReference; lastKnownFileType = sourcecode.swift; path = Covid19_UpdatesTests.swift; sourceTree = "<group>"; };
		448B3BE22439AD8D00C8526F /* Info.plist */ = {isa = PBXFileReference; lastKnownFileType = text.plist.xml; path = Info.plist; sourceTree = "<group>"; };
		448B3BEC2439B27C00C8526F /* RoundButton.swift */ = {isa = PBXFileReference; fileEncoding = 4; lastKnownFileType = sourcecode.swift; path = RoundButton.swift; sourceTree = "<group>"; };
		448B3BEE2439B31900C8526F /* CovidAppConstants.swift */ = {isa = PBXFileReference; lastKnownFileType = sourcecode.swift; path = CovidAppConstants.swift; sourceTree = "<group>"; };
		448B3BF02439B34400C8526F /* CovidAppExtension.swift */ = {isa = PBXFileReference; lastKnownFileType = sourcecode.swift; path = CovidAppExtension.swift; sourceTree = "<group>"; };
		448B3BF52439B71500C8526F /* CovidDashboardCell.swift */ = {isa = PBXFileReference; lastKnownFileType = sourcecode.swift; path = CovidDashboardCell.swift; sourceTree = "<group>"; };
		448B3BF62439B71500C8526F /* CovidDashboardCell.xib */ = {isa = PBXFileReference; lastKnownFileType = file.xib; path = CovidDashboardCell.xib; sourceTree = "<group>"; };
		448B3BFC2439BF2A00C8526F /* CovidDashboardCellViewModel.swift */ = {isa = PBXFileReference; lastKnownFileType = sourcecode.swift; path = CovidDashboardCellViewModel.swift; sourceTree = "<group>"; };
		448B3BFF2439BF9D00C8526F /* NSObject+Observable.swift */ = {isa = PBXFileReference; fileEncoding = 4; lastKnownFileType = sourcecode.swift; path = "NSObject+Observable.swift"; sourceTree = "<group>"; };
		448B3C002439BF9D00C8526F /* Binding.swift */ = {isa = PBXFileReference; fileEncoding = 4; lastKnownFileType = sourcecode.swift; path = Binding.swift; sourceTree = "<group>"; };
		448B3C012439BF9D00C8526F /* BlockBasedSelector.swift */ = {isa = PBXFileReference; fileEncoding = 4; lastKnownFileType = sourcecode.swift; path = BlockBasedSelector.swift; sourceTree = "<group>"; };
		448B3C022439BF9D00C8526F /* UIControls+Bindable.swift */ = {isa = PBXFileReference; fileEncoding = 4; lastKnownFileType = sourcecode.swift; path = "UIControls+Bindable.swift"; sourceTree = "<group>"; };
		448B3C032439BF9D00C8526F /* BlockBasedSelector.m */ = {isa = PBXFileReference; fileEncoding = 4; lastKnownFileType = sourcecode.c.objc; path = BlockBasedSelector.m; sourceTree = "<group>"; };
		448B3C042439BF9D00C8526F /* DynamicValue.swift */ = {isa = PBXFileReference; fileEncoding = 4; lastKnownFileType = sourcecode.swift; path = DynamicValue.swift; sourceTree = "<group>"; };
		448B3C052439BF9D00C8526F /* Observable.swift */ = {isa = PBXFileReference; fileEncoding = 4; lastKnownFileType = sourcecode.swift; path = Observable.swift; sourceTree = "<group>"; };
		448B3C062439BF9D00C8526F /* BlockBasedSelector.h */ = {isa = PBXFileReference; fileEncoding = 4; lastKnownFileType = sourcecode.c.h; path = BlockBasedSelector.h; sourceTree = "<group>"; };
		448B3C0E2439C06C00C8526F /* Covid19-Updates-Bridging-Header.h */ = {isa = PBXFileReference; lastKnownFileType = sourcecode.c.h; path = "Covid19-Updates-Bridging-Header.h"; sourceTree = "<group>"; };
		448B3C0F243A098400C8526F /* CovidCommonProtocol.swift */ = {isa = PBXFileReference; lastKnownFileType = sourcecode.swift; path = CovidCommonProtocol.swift; sourceTree = "<group>"; };
		448B3C12243A0AE200C8526F /* APIConstants.swift */ = {isa = PBXFileReference; fileEncoding = 4; lastKnownFileType = sourcecode.swift; path = APIConstants.swift; sourceTree = "<group>"; };
		448B3C13243A0AE200C8526F /* NetworkAdapter.swift */ = {isa = PBXFileReference; fileEncoding = 4; lastKnownFileType = sourcecode.swift; path = NetworkAdapter.swift; sourceTree = "<group>"; };
		448B3C14243A0AE200C8526F /* NetworkError.swift */ = {isa = PBXFileReference; fileEncoding = 4; lastKnownFileType = sourcecode.swift; path = NetworkError.swift; sourceTree = "<group>"; };
		448B3C16243A0AE200C8526F /* NetworkProtocol.swift */ = {isa = PBXFileReference; fileEncoding = 4; lastKnownFileType = sourcecode.swift; path = NetworkProtocol.swift; sourceTree = "<group>"; };
		448B3C1C243A0E0400C8526F /* CovidDashboardViewController.swift */ = {isa = PBXFileReference; lastKnownFileType = sourcecode.swift; path = CovidDashboardViewController.swift; sourceTree = "<group>"; };
		448B3C1F243A0E4D00C8526F /* CovidDashboardFetcher.swift */ = {isa = PBXFileReference; lastKnownFileType = sourcecode.swift; path = CovidDashboardFetcher.swift; sourceTree = "<group>"; };
		448B3C25243A10F100C8526F /* CovidAllCases.swift */ = {isa = PBXFileReference; lastKnownFileType = sourcecode.swift; path = CovidAllCases.swift; sourceTree = "<group>"; };
		448B3C28243A133C00C8526F /* CovidDashboardViewModel.swift */ = {isa = PBXFileReference; lastKnownFileType = sourcecode.swift; path = CovidDashboardViewModel.swift; sourceTree = "<group>"; };
		448B3C2A243AD69100C8526F /* CovidDashboardCollectionCell.swift */ = {isa = PBXFileReference; lastKnownFileType = sourcecode.swift; path = CovidDashboardCollectionCell.swift; sourceTree = "<group>"; };
		448B3C2B243AD69100C8526F /* CovidDashboardCollectionCell.xib */ = {isa = PBXFileReference; lastKnownFileType = file.xib; path = CovidDashboardCollectionCell.xib; sourceTree = "<group>"; };
		448B3C32243ADF4F00C8526F /* LICENSE */ = {isa = PBXFileReference; fileEncoding = 4; lastKnownFileType = text; path = LICENSE; sourceTree = "<group>"; };
		448B3C35243ADF4F00C8526F /* RadialGradientLayer.swift */ = {isa = PBXFileReference; fileEncoding = 4; lastKnownFileType = sourcecode.swift; path = RadialGradientLayer.swift; sourceTree = "<group>"; };
		448B3C36243ADF4F00C8526F /* IndefiniteAnimatedView.swift */ = {isa = PBXFileReference; fileEncoding = 4; lastKnownFileType = sourcecode.swift; path = IndefiniteAnimatedView.swift; sourceTree = "<group>"; };
		448B3C37243ADF4F00C8526F /* ProgressAnimatedView.swift */ = {isa = PBXFileReference; fileEncoding = 4; lastKnownFileType = sourcecode.swift; path = ProgressAnimatedView.swift; sourceTree = "<group>"; };
		448B3C38243ADF4F00C8526F /* IHProgressHUD.swift */ = {isa = PBXFileReference; fileEncoding = 4; lastKnownFileType = sourcecode.swift; path = IHProgressHUD.swift; sourceTree = "<group>"; };
		448B3C39243ADF4F00C8526F /* IHProgressHUD.bundle */ = {isa = PBXFileReference; lastKnownFileType = "wrapper.plug-in"; path = IHProgressHUD.bundle; sourceTree = "<group>"; };
		448B3C3A243ADF4F00C8526F /* Assets.xcassets */ = {isa = PBXFileReference; lastKnownFileType = folder.assetcatalog; path = Assets.xcassets; sourceTree = "<group>"; };
		448B3C3B243ADF4F00C8526F /* README.md */ = {isa = PBXFileReference; fileEncoding = 4; lastKnownFileType = net.daringfireball.markdown; path = README.md; sourceTree = "<group>"; };
		448B3C44243AE13700C8526F /* CovidDashboardCollectionHolderCell.swift */ = {isa = PBXFileReference; lastKnownFileType = sourcecode.swift; path = CovidDashboardCollectionHolderCell.swift; sourceTree = "<group>"; };
		448B3C45243AE13700C8526F /* CovidDashboardCollectionHolderCell.xib */ = {isa = PBXFileReference; lastKnownFileType = file.xib; path = CovidDashboardCollectionHolderCell.xib; sourceTree = "<group>"; };
		448B3C48243AE1D800C8526F /* CovidDashboardCollectionHolderCellViewModel.swift */ = {isa = PBXFileReference; lastKnownFileType = sourcecode.swift; path = CovidDashboardCollectionHolderCellViewModel.swift; sourceTree = "<group>"; };
		448B3C4C243B0BFE00C8526F /* ShadowView.swift */ = {isa = PBXFileReference; fileEncoding = 4; lastKnownFileType = sourcecode.swift; path = ShadowView.swift; sourceTree = "<group>"; };
		448B3C4F243B151900C8526F /* CovidDashboardHeaderView.swift */ = {isa = PBXFileReference; fileEncoding = 4; lastKnownFileType = sourcecode.swift; path = CovidDashboardHeaderView.swift; sourceTree = "<group>"; };
		448B3C50243B151900C8526F /* CovidDashboardHeaderView.xib */ = {isa = PBXFileReference; fileEncoding = 4; lastKnownFileType = file.xib; path = CovidDashboardHeaderView.xib; sourceTree = "<group>"; };
		44A76838243B663E007162F4 /* CovidDetails.storyboard */ = {isa = PBXFileReference; lastKnownFileType = file.storyboard; path = CovidDetails.storyboard; sourceTree = "<group>"; };
		44A7683A243B66CC007162F4 /* CovidDetailsViewController.swift */ = {isa = PBXFileReference; lastKnownFileType = sourcecode.swift; path = CovidDetailsViewController.swift; sourceTree = "<group>"; };
		44EFA062244200A00014F221 /* CovidPieChartViewController.swift */ = {isa = PBXFileReference; lastKnownFileType = sourcecode.swift; path = CovidPieChartViewController.swift; sourceTree = "<group>"; };
		44EFA068244205D00014F221 /* HistoricalData.swift */ = {isa = PBXFileReference; lastKnownFileType = sourcecode.swift; path = HistoricalData.swift; sourceTree = "<group>"; };
		44EFA06B24420B320014F221 /* HistoricalDataFetcher.swift */ = {isa = PBXFileReference; lastKnownFileType = sourcecode.swift; path = HistoricalDataFetcher.swift; sourceTree = "<group>"; };
		44EFA06E24420F260014F221 /* PieChartViewViewModel.swift */ = {isa = PBXFileReference; lastKnownFileType = sourcecode.swift; path = PieChartViewViewModel.swift; sourceTree = "<group>"; };
		44EFA0702442ECD90014F221 /* CovidJohnHopkinsData.swift */ = {isa = PBXFileReference; lastKnownFileType = sourcecode.swift; path = CovidJohnHopkinsData.swift; sourceTree = "<group>"; };
/* End PBXFileReference section */

/* Begin PBXFrameworksBuildPhase section */
		448B3BC32439AD8700C8526F /* Frameworks */ = {
			isa = PBXFrameworksBuildPhase;
			buildActionMask = 2147483647;
			files = (
				448B3C23243A0FD500C8526F /* Reachability in Frameworks */,
				44EFA05B2441FA270014F221 /* Charts in Frameworks */,
			);
			runOnlyForDeploymentPostprocessing = 0;
		};
		448B3BD92439AD8C00C8526F /* Frameworks */ = {
			isa = PBXFrameworksBuildPhase;
			buildActionMask = 2147483647;
			files = (
			);
			runOnlyForDeploymentPostprocessing = 0;
		};
/* End PBXFrameworksBuildPhase section */

/* Begin PBXGroup section */
		44081E0B243C3481006E82F5 /* Map */ = {
			isa = PBXGroup;
			children = (
				44081E17243C97D1006E82F5 /* Model */,
				44081E12243C96AF006E82F5 /* ViewModel */,
				44081E0F243C368B006E82F5 /* View */,
				44081E0C243C3486006E82F5 /* ViewController */,
			);
			path = Map;
			sourceTree = "<group>";
		};
		44081E0C243C3486006E82F5 /* ViewController */ = {
			isa = PBXGroup;
			children = (
				44081E0D243C34CF006E82F5 /* CovidMapViewController.swift */,
			);
			path = ViewController;
			sourceTree = "<group>";
		};
		44081E0F243C368B006E82F5 /* View */ = {
			isa = PBXGroup;
			children = (
				44081E20243CAA42006E82F5 /* CovidClusterAnnotationView.swift */,
				44081E15243C97BB006E82F5 /* CovidAnnotationView.swift */,
			);
			path = View;
			sourceTree = "<group>";
		};
		44081E12243C96AF006E82F5 /* ViewModel */ = {
			isa = PBXGroup;
			children = (
				44081E13243C96DB006E82F5 /* CovidMapViewModel.swift */,
			);
			path = ViewModel;
			sourceTree = "<group>";
		};
		44081E17243C97D1006E82F5 /* Model */ = {
			isa = PBXGroup;
			children = (
				44081E18243C97DC006E82F5 /* CovidAnnotation.swift */,
			);
			path = Model;
			sourceTree = "<group>";
		};
		441CCB1924435C7B00979FC5 /* View */ = {
			isa = PBXGroup;
			children = (
				441CCB1A24435C9400979FC5 /* CovidCountryCell.swift */,
				441CCB1B24435C9400979FC5 /* CovidCountryCell.xib */,
			);
			path = View;
			sourceTree = "<group>";
		};
		448B3BBD2439AD8700C8526F = {
			isa = PBXGroup;
			children = (
				448B3BC82439AD8700C8526F /* Covid19-Updates */,
				448B3BDF2439AD8C00C8526F /* Covid19-UpdatesTests */,
				448B3BC72439AD8700C8526F /* Products */,
			);
			sourceTree = "<group>";
		};
		448B3BC72439AD8700C8526F /* Products */ = {
			isa = PBXGroup;
			children = (
				448B3BC62439AD8700C8526F /* Covid19-Updates.app */,
				448B3BDC2439AD8C00C8526F /* Covid19-UpdatesTests.xctest */,
			);
			name = Products;
			sourceTree = "<group>";
		};
		448B3BC82439AD8700C8526F /* Covid19-Updates */ = {
			isa = PBXGroup;
			children = (
				448B3C30243ADF4F00C8526F /* Resource */,
				448B3C11243A0AE200C8526F /* Network */,
				448B3BF22439B67600C8526F /* Modules */,
				448B3BEB2439B26F00C8526F /* Common */,
				448B3BC92439AD8700C8526F /* CovidAppDelegate.swift */,
				448B3BCF2439AD8700C8526F /* Main.storyboard */,
				448B3BD22439AD8C00C8526F /* Assets.xcassets */,
				448B3BD42439AD8C00C8526F /* LaunchScreen.storyboard */,
				448B3BD72439AD8C00C8526F /* Info.plist */,
				448B3C0E2439C06C00C8526F /* Covid19-Updates-Bridging-Header.h */,
			);
			path = "Covid19-Updates";
			sourceTree = "<group>";
		};
		448B3BDF2439AD8C00C8526F /* Covid19-UpdatesTests */ = {
			isa = PBXGroup;
			children = (
				448B3BE02439AD8D00C8526F /* Covid19_UpdatesTests.swift */,
				448B3BE22439AD8D00C8526F /* Info.plist */,
			);
			path = "Covid19-UpdatesTests";
			sourceTree = "<group>";
		};
		448B3BEB2439B26F00C8526F /* Common */ = {
			isa = PBXGroup;
			children = (
				448B3BFE2439BF9D00C8526F /* Bindable */,
				448B3BEC2439B27C00C8526F /* RoundButton.swift */,
				448B3C4C243B0BFE00C8526F /* ShadowView.swift */,
				448B3BEE2439B31900C8526F /* CovidAppConstants.swift */,
				448B3BF02439B34400C8526F /* CovidAppExtension.swift */,
				448B3C0F243A098400C8526F /* CovidCommonProtocol.swift */,
				44081E1E243CA754006E82F5 /* CovidSharedData.swift */,
			);
			path = Common;
			sourceTree = "<group>";
		};
		448B3BF22439B67600C8526F /* Modules */ = {
			isa = PBXGroup;
			children = (
				44EFA05D244200180014F221 /* Chart */,
				44081E0B243C3481006E82F5 /* Map */,
				44A76831243B656A007162F4 /* Details */,
				448B3BF32439B68400C8526F /* Dashboard */,
			);
			path = Modules;
			sourceTree = "<group>";
		};
		448B3BF32439B68400C8526F /* Dashboard */ = {
			isa = PBXGroup;
			children = (
				448B3C27243A130D00C8526F /* ViewModel */,
				448B3C24243A10DD00C8526F /* Model */,
				448B3C1E243A0E3800C8526F /* Fetcher */,
				448B3C1B243A0DE600C8526F /* ViewController */,
				448B3BF42439B69400C8526F /* View */,
			);
			path = Dashboard;
			sourceTree = "<group>";
		};
		448B3BF42439B69400C8526F /* View */ = {
			isa = PBXGroup;
			children = (
				448B3BF92439BF0700C8526F /* Cell */,
			);
			path = View;
			sourceTree = "<group>";
		};
		448B3BF92439BF0700C8526F /* Cell */ = {
			isa = PBXGroup;
			children = (
				448B3BFB2439BF1800C8526F /* ViewModel */,
				448B3BFA2439BF1000C8526F /* View */,
			);
			path = Cell;
			sourceTree = "<group>";
		};
		448B3BFA2439BF1000C8526F /* View */ = {
			isa = PBXGroup;
			children = (
				448B3C4E243B151900C8526F /* Header */,
				448B3BF52439B71500C8526F /* CovidDashboardCell.swift */,
				448B3BF62439B71500C8526F /* CovidDashboardCell.xib */,
				448B3C2A243AD69100C8526F /* CovidDashboardCollectionCell.swift */,
				448B3C2B243AD69100C8526F /* CovidDashboardCollectionCell.xib */,
				448B3C44243AE13700C8526F /* CovidDashboardCollectionHolderCell.swift */,
				448B3C45243AE13700C8526F /* CovidDashboardCollectionHolderCell.xib */,
			);
			path = View;
			sourceTree = "<group>";
		};
		448B3BFB2439BF1800C8526F /* ViewModel */ = {
			isa = PBXGroup;
			children = (
				448B3BFC2439BF2A00C8526F /* CovidDashboardCellViewModel.swift */,
				448B3C48243AE1D800C8526F /* CovidDashboardCollectionHolderCellViewModel.swift */,
			);
			path = ViewModel;
			sourceTree = "<group>";
		};
		448B3BFE2439BF9D00C8526F /* Bindable */ = {
			isa = PBXGroup;
			children = (
				448B3BFF2439BF9D00C8526F /* NSObject+Observable.swift */,
				448B3C002439BF9D00C8526F /* Binding.swift */,
				448B3C012439BF9D00C8526F /* BlockBasedSelector.swift */,
				448B3C022439BF9D00C8526F /* UIControls+Bindable.swift */,
				448B3C032439BF9D00C8526F /* BlockBasedSelector.m */,
				448B3C042439BF9D00C8526F /* DynamicValue.swift */,
				448B3C052439BF9D00C8526F /* Observable.swift */,
				448B3C062439BF9D00C8526F /* BlockBasedSelector.h */,
			);
			path = Bindable;
			sourceTree = "<group>";
		};
		448B3C11243A0AE200C8526F /* Network */ = {
			isa = PBXGroup;
			children = (
				448B3C12243A0AE200C8526F /* APIConstants.swift */,
				448B3C13243A0AE200C8526F /* NetworkAdapter.swift */,
				448B3C14243A0AE200C8526F /* NetworkError.swift */,
				448B3C15243A0AE200C8526F /* Protocols */,
			);
			path = Network;
			sourceTree = "<group>";
		};
		448B3C15243A0AE200C8526F /* Protocols */ = {
			isa = PBXGroup;
			children = (
				448B3C16243A0AE200C8526F /* NetworkProtocol.swift */,
			);
			path = Protocols;
			sourceTree = "<group>";
		};
		448B3C1B243A0DE600C8526F /* ViewController */ = {
			isa = PBXGroup;
			children = (
				448B3C1C243A0E0400C8526F /* CovidDashboardViewController.swift */,
			);
			path = ViewController;
			sourceTree = "<group>";
		};
		448B3C1E243A0E3800C8526F /* Fetcher */ = {
			isa = PBXGroup;
			children = (
				448B3C1F243A0E4D00C8526F /* CovidDashboardFetcher.swift */,
			);
			path = Fetcher;
			sourceTree = "<group>";
		};
		448B3C24243A10DD00C8526F /* Model */ = {
			isa = PBXGroup;
			children = (
				448B3C25243A10F100C8526F /* CovidAllCases.swift */,
			);
			path = Model;
			sourceTree = "<group>";
		};
		448B3C27243A130D00C8526F /* ViewModel */ = {
			isa = PBXGroup;
			children = (
				448B3C28243A133C00C8526F /* CovidDashboardViewModel.swift */,
			);
			path = ViewModel;
			sourceTree = "<group>";
		};
		448B3C30243ADF4F00C8526F /* Resource */ = {
			isa = PBXGroup;
			children = (
				448B3C31243ADF4F00C8526F /* IHProgressHUD-master */,
			);
			path = Resource;
			sourceTree = "<group>";
		};
		448B3C31243ADF4F00C8526F /* IHProgressHUD-master */ = {
			isa = PBXGroup;
			children = (
				448B3C32243ADF4F00C8526F /* LICENSE */,
				448B3C33243ADF4F00C8526F /* IHProgressHUD */,
				448B3C3B243ADF4F00C8526F /* README.md */,
			);
			path = "IHProgressHUD-master";
			sourceTree = "<group>";
		};
		448B3C33243ADF4F00C8526F /* IHProgressHUD */ = {
			isa = PBXGroup;
			children = (
				448B3C34243ADF4F00C8526F /* Classes */,
				448B3C3A243ADF4F00C8526F /* Assets.xcassets */,
			);
			path = IHProgressHUD;
			sourceTree = "<group>";
		};
		448B3C34243ADF4F00C8526F /* Classes */ = {
			isa = PBXGroup;
			children = (
				448B3C35243ADF4F00C8526F /* RadialGradientLayer.swift */,
				448B3C36243ADF4F00C8526F /* IndefiniteAnimatedView.swift */,
				448B3C37243ADF4F00C8526F /* ProgressAnimatedView.swift */,
				448B3C38243ADF4F00C8526F /* IHProgressHUD.swift */,
				448B3C39243ADF4F00C8526F /* IHProgressHUD.bundle */,
			);
			path = Classes;
			sourceTree = "<group>";
		};
		448B3C4E243B151900C8526F /* Header */ = {
			isa = PBXGroup;
			children = (
				448B3C4F243B151900C8526F /* CovidDashboardHeaderView.swift */,
				448B3C50243B151900C8526F /* CovidDashboardHeaderView.xib */,
			);
			path = Header;
			sourceTree = "<group>";
		};
		44A76831243B656A007162F4 /* Details */ = {
			isa = PBXGroup;
			children = (
				44A76837243B661D007162F4 /* View */,
				44A76834243B6617007162F4 /* ViewController */,
			);
			path = Details;
			sourceTree = "<group>";
		};
		44A76834243B6617007162F4 /* ViewController */ = {
			isa = PBXGroup;
			children = (
				44A7683A243B66CC007162F4 /* CovidDetailsViewController.swift */,
			);
			path = ViewController;
			sourceTree = "<group>";
		};
		44A76837243B661D007162F4 /* View */ = {
			isa = PBXGroup;
			children = (
				44A76838243B663E007162F4 /* CovidDetails.storyboard */,
			);
			path = View;
			sourceTree = "<group>";
		};
		44EFA05D244200180014F221 /* Chart */ = {
			isa = PBXGroup;
			children = (
				441CCB1924435C7B00979FC5 /* View */,
				44EFA06D24420ED00014F221 /* ViewModel */,
				44EFA06A24420B1D0014F221 /* Fetcher */,
				44EFA067244205C20014F221 /* Model */,
				44EFA0612442008B0014F221 /* ViewController */,
			);
			path = Chart;
			sourceTree = "<group>";
		};
		44EFA0612442008B0014F221 /* ViewController */ = {
			isa = PBXGroup;
			children = (
				441CCB1324434E4300979FC5 /* CovidChartBaseViewController.swift */,
				44EFA062244200A00014F221 /* CovidPieChartViewController.swift */,
				441CCB1524434F9F00979FC5 /* CovidCountryTableViewController.swift */,
			);
			path = ViewController;
			sourceTree = "<group>";
		};
		44EFA067244205C20014F221 /* Model */ = {
			isa = PBXGroup;
			children = (
				44EFA0702442ECD90014F221 /* CovidJohnHopkinsData.swift */,
				44EFA068244205D00014F221 /* HistoricalData.swift */,
			);
			path = Model;
			sourceTree = "<group>";
		};
		44EFA06A24420B1D0014F221 /* Fetcher */ = {
			isa = PBXGroup;
			children = (
				44EFA06B24420B320014F221 /* HistoricalDataFetcher.swift */,
			);
			path = Fetcher;
			sourceTree = "<group>";
		};
		44EFA06D24420ED00014F221 /* ViewModel */ = {
			isa = PBXGroup;
			children = (
				44EFA06E24420F260014F221 /* PieChartViewViewModel.swift */,
				441CCB1724434FC300979FC5 /* CovidCountryListViewModel.swift */,
			);
			path = ViewModel;
			sourceTree = "<group>";
		};
/* End PBXGroup section */

/* Begin PBXNativeTarget section */
		448B3BC52439AD8700C8526F /* Covid19-Updates */ = {
			isa = PBXNativeTarget;
			buildConfigurationList = 448B3BE52439AD8D00C8526F /* Build configuration list for PBXNativeTarget "Covid19-Updates" */;
			buildPhases = (
				448B3BC22439AD8700C8526F /* Sources */,
				448B3BC32439AD8700C8526F /* Frameworks */,
				448B3BC42439AD8700C8526F /* Resources */,
			);
			buildRules = (
			);
			dependencies = (
			);
			name = "Covid19-Updates";
			packageProductDependencies = (
				448B3C22243A0FD500C8526F /* Reachability */,
				44EFA05A2441FA270014F221 /* Charts */,
			);
			productName = "Covid19-Updates";
			productReference = 448B3BC62439AD8700C8526F /* Covid19-Updates.app */;
			productType = "com.apple.product-type.application";
		};
		448B3BDB2439AD8C00C8526F /* Covid19-UpdatesTests */ = {
			isa = PBXNativeTarget;
			buildConfigurationList = 448B3BE82439AD8D00C8526F /* Build configuration list for PBXNativeTarget "Covid19-UpdatesTests" */;
			buildPhases = (
				448B3BD82439AD8C00C8526F /* Sources */,
				448B3BD92439AD8C00C8526F /* Frameworks */,
				448B3BDA2439AD8C00C8526F /* Resources */,
			);
			buildRules = (
			);
			dependencies = (
				448B3BDE2439AD8C00C8526F /* PBXTargetDependency */,
			);
			name = "Covid19-UpdatesTests";
			productName = "Covid19-UpdatesTests";
			productReference = 448B3BDC2439AD8C00C8526F /* Covid19-UpdatesTests.xctest */;
			productType = "com.apple.product-type.bundle.unit-test";
		};
/* End PBXNativeTarget section */

/* Begin PBXProject section */
		448B3BBE2439AD8700C8526F /* Project object */ = {
			isa = PBXProject;
			attributes = {
				LastSwiftUpdateCheck = 1140;
				LastUpgradeCheck = 1140;
				ORGANIZATIONNAME = "Soham Bhattacharjee";
				TargetAttributes = {
					448B3BC52439AD8700C8526F = {
						CreatedOnToolsVersion = 11.4;
					};
					448B3BDB2439AD8C00C8526F = {
						CreatedOnToolsVersion = 11.4;
						TestTargetID = 448B3BC52439AD8700C8526F;
					};
				};
			};
			buildConfigurationList = 448B3BC12439AD8700C8526F /* Build configuration list for PBXProject "Covid19-Updates" */;
			compatibilityVersion = "Xcode 9.3";
			developmentRegion = en;
			hasScannedForEncodings = 0;
			knownRegions = (
				en,
				Base,
			);
			mainGroup = 448B3BBD2439AD8700C8526F;
			packageReferences = (
				448B3C21243A0FD500C8526F /* XCRemoteSwiftPackageReference "Reachability" */,
				44EFA0592441FA270014F221 /* XCRemoteSwiftPackageReference "Charts" */,
			);
			productRefGroup = 448B3BC72439AD8700C8526F /* Products */;
			projectDirPath = "";
			projectRoot = "";
			targets = (
				448B3BC52439AD8700C8526F /* Covid19-Updates */,
				448B3BDB2439AD8C00C8526F /* Covid19-UpdatesTests */,
			);
		};
/* End PBXProject section */

/* Begin PBXResourcesBuildPhase section */
		448B3BC42439AD8700C8526F /* Resources */ = {
			isa = PBXResourcesBuildPhase;
			buildActionMask = 2147483647;
			files = (
				448B3C3C243ADF4F00C8526F /* LICENSE in Resources */,
				44A76839243B663E007162F4 /* CovidDetails.storyboard in Resources */,
				448B3BF82439B71500C8526F /* CovidDashboardCell.xib in Resources */,
				448B3BD62439AD8C00C8526F /* LaunchScreen.storyboard in Resources */,
				448B3C52243B151900C8526F /* CovidDashboardHeaderView.xib in Resources */,
				448B3C2D243AD69100C8526F /* CovidDashboardCollectionCell.xib in Resources */,
				448B3BD32439AD8C00C8526F /* Assets.xcassets in Resources */,
				448B3BD12439AD8700C8526F /* Main.storyboard in Resources */,
				448B3C43243ADF4F00C8526F /* README.md in Resources */,
				448B3C42243ADF4F00C8526F /* Assets.xcassets in Resources */,
				441CCB1D24435C9400979FC5 /* CovidCountryCell.xib in Resources */,
				448B3C47243AE13700C8526F /* CovidDashboardCollectionHolderCell.xib in Resources */,
				448B3C41243ADF4F00C8526F /* IHProgressHUD.bundle in Resources */,
			);
			runOnlyForDeploymentPostprocessing = 0;
		};
		448B3BDA2439AD8C00C8526F /* Resources */ = {
			isa = PBXResourcesBuildPhase;
			buildActionMask = 2147483647;
			files = (
			);
			runOnlyForDeploymentPostprocessing = 0;
		};
/* End PBXResourcesBuildPhase section */

/* Begin PBXSourcesBuildPhase section */
		448B3BC22439AD8700C8526F /* Sources */ = {
			isa = PBXSourcesBuildPhase;
			buildActionMask = 2147483647;
			files = (
				448B3C3E243ADF4F00C8526F /* IndefiniteAnimatedView.swift in Sources */,
				448B3C40243ADF4F00C8526F /* IHProgressHUD.swift in Sources */,
				448B3BED2439B27C00C8526F /* RoundButton.swift in Sources */,
				44EFA063244200A00014F221 /* CovidPieChartViewController.swift in Sources */,
				448B3C0D2439BF9D00C8526F /* Observable.swift in Sources */,
				448B3C17243A0AE200C8526F /* APIConstants.swift in Sources */,
				448B3BF12439B34400C8526F /* CovidAppExtension.swift in Sources */,
				44081E1F243CA754006E82F5 /* CovidSharedData.swift in Sources */,
				441CCB1C24435C9400979FC5 /* CovidCountryCell.swift in Sources */,
				448B3C0A2439BF9D00C8526F /* UIControls+Bindable.swift in Sources */,
				448B3C10243A098400C8526F /* CovidCommonProtocol.swift in Sources */,
				448B3C1D243A0E0400C8526F /* CovidDashboardViewController.swift in Sources */,
				448B3C18243A0AE200C8526F /* NetworkAdapter.swift in Sources */,
				448B3C29243A133C00C8526F /* CovidDashboardViewModel.swift in Sources */,
				441CCB1624434F9F00979FC5 /* CovidCountryTableViewController.swift in Sources */,
				448B3C3D243ADF4F00C8526F /* RadialGradientLayer.swift in Sources */,
				44EFA06F24420F260014F221 /* PieChartViewViewModel.swift in Sources */,
				44081E19243C97DC006E82F5 /* CovidAnnotation.swift in Sources */,
				44A7683B243B66CC007162F4 /* CovidDetailsViewController.swift in Sources */,
				448B3C20243A0E4D00C8526F /* CovidDashboardFetcher.swift in Sources */,
				441CCB1424434E4400979FC5 /* CovidChartBaseViewController.swift in Sources */,
				448B3BCA2439AD8700C8526F /* CovidAppDelegate.swift in Sources */,
				44081E16243C97BB006E82F5 /* CovidAnnotationView.swift in Sources */,
				448B3C51243B151900C8526F /* CovidDashboardHeaderView.swift in Sources */,
				448B3C072439BF9D00C8526F /* NSObject+Observable.swift in Sources */,
				44081E0E243C34CF006E82F5 /* CovidMapViewController.swift in Sources */,
				44EFA069244205D00014F221 /* HistoricalData.swift in Sources */,
				448B3BF72439B71500C8526F /* CovidDashboardCell.swift in Sources */,
				448B3C3F243ADF4F00C8526F /* ProgressAnimatedView.swift in Sources */,
				448B3C1A243A0AE200C8526F /* NetworkProtocol.swift in Sources */,
				44081E21243CAA42006E82F5 /* CovidClusterAnnotationView.swift in Sources */,
				448B3C092439BF9D00C8526F /* BlockBasedSelector.swift in Sources */,
				448B3BEF2439B31900C8526F /* CovidAppConstants.swift in Sources */,
				44EFA0712442ECD90014F221 /* CovidJohnHopkinsData.swift in Sources */,
				448B3C49243AE1D800C8526F /* CovidDashboardCollectionHolderCellViewModel.swift in Sources */,
				44EFA06C24420B320014F221 /* HistoricalDataFetcher.swift in Sources */,
				448B3BFD2439BF2A00C8526F /* CovidDashboardCellViewModel.swift in Sources */,
				448B3C082439BF9D00C8526F /* Binding.swift in Sources */,
				441CCB1824434FC300979FC5 /* CovidCountryListViewModel.swift in Sources */,
				448B3C0B2439BF9D00C8526F /* BlockBasedSelector.m in Sources */,
				448B3C4D243B0BFE00C8526F /* ShadowView.swift in Sources */,
				448B3C46243AE13700C8526F /* CovidDashboardCollectionHolderCell.swift in Sources */,
				448B3C0C2439BF9D00C8526F /* DynamicValue.swift in Sources */,
				448B3C19243A0AE200C8526F /* NetworkError.swift in Sources */,
				44081E14243C96DB006E82F5 /* CovidMapViewModel.swift in Sources */,
				448B3C2C243AD69100C8526F /* CovidDashboardCollectionCell.swift in Sources */,
				448B3C26243A10F100C8526F /* CovidAllCases.swift in Sources */,
			);
			runOnlyForDeploymentPostprocessing = 0;
		};
		448B3BD82439AD8C00C8526F /* Sources */ = {
			isa = PBXSourcesBuildPhase;
			buildActionMask = 2147483647;
			files = (
				448B3BE12439AD8D00C8526F /* Covid19_UpdatesTests.swift in Sources */,
			);
			runOnlyForDeploymentPostprocessing = 0;
		};
/* End PBXSourcesBuildPhase section */

/* Begin PBXTargetDependency section */
		448B3BDE2439AD8C00C8526F /* PBXTargetDependency */ = {
			isa = PBXTargetDependency;
			target = 448B3BC52439AD8700C8526F /* Covid19-Updates */;
			targetProxy = 448B3BDD2439AD8C00C8526F /* PBXContainerItemProxy */;
		};
/* End PBXTargetDependency section */

/* Begin PBXVariantGroup section */
		448B3BCF2439AD8700C8526F /* Main.storyboard */ = {
			isa = PBXVariantGroup;
			children = (
				448B3BD02439AD8700C8526F /* Base */,
			);
			name = Main.storyboard;
			sourceTree = "<group>";
		};
		448B3BD42439AD8C00C8526F /* LaunchScreen.storyboard */ = {
			isa = PBXVariantGroup;
			children = (
				448B3BD52439AD8C00C8526F /* Base */,
			);
			name = LaunchScreen.storyboard;
			sourceTree = "<group>";
		};
/* End PBXVariantGroup section */

/* Begin XCBuildConfiguration section */
		448B3BE32439AD8D00C8526F /* Debug */ = {
			isa = XCBuildConfiguration;
			buildSettings = {
				ALWAYS_SEARCH_USER_PATHS = NO;
				CLANG_ANALYZER_NONNULL = YES;
				CLANG_ANALYZER_NUMBER_OBJECT_CONVERSION = YES_AGGRESSIVE;
				CLANG_CXX_LANGUAGE_STANDARD = "gnu++14";
				CLANG_CXX_LIBRARY = "libc++";
				CLANG_ENABLE_MODULES = YES;
				CLANG_ENABLE_OBJC_ARC = YES;
				CLANG_ENABLE_OBJC_WEAK = YES;
				CLANG_WARN_BLOCK_CAPTURE_AUTORELEASING = YES;
				CLANG_WARN_BOOL_CONVERSION = YES;
				CLANG_WARN_COMMA = YES;
				CLANG_WARN_CONSTANT_CONVERSION = YES;
				CLANG_WARN_DEPRECATED_OBJC_IMPLEMENTATIONS = YES;
				CLANG_WARN_DIRECT_OBJC_ISA_USAGE = YES_ERROR;
				CLANG_WARN_DOCUMENTATION_COMMENTS = YES;
				CLANG_WARN_EMPTY_BODY = YES;
				CLANG_WARN_ENUM_CONVERSION = YES;
				CLANG_WARN_INFINITE_RECURSION = YES;
				CLANG_WARN_INT_CONVERSION = YES;
				CLANG_WARN_NON_LITERAL_NULL_CONVERSION = YES;
				CLANG_WARN_OBJC_IMPLICIT_RETAIN_SELF = YES;
				CLANG_WARN_OBJC_LITERAL_CONVERSION = YES;
				CLANG_WARN_OBJC_ROOT_CLASS = YES_ERROR;
				CLANG_WARN_RANGE_LOOP_ANALYSIS = YES;
				CLANG_WARN_STRICT_PROTOTYPES = YES;
				CLANG_WARN_SUSPICIOUS_MOVE = YES;
				CLANG_WARN_UNGUARDED_AVAILABILITY = YES_AGGRESSIVE;
				CLANG_WARN_UNREACHABLE_CODE = YES;
				CLANG_WARN__DUPLICATE_METHOD_MATCH = YES;
				COPY_PHASE_STRIP = NO;
				DEBUG_INFORMATION_FORMAT = dwarf;
				ENABLE_STRICT_OBJC_MSGSEND = YES;
				ENABLE_TESTABILITY = YES;
				GCC_C_LANGUAGE_STANDARD = gnu11;
				GCC_DYNAMIC_NO_PIC = NO;
				GCC_NO_COMMON_BLOCKS = YES;
				GCC_OPTIMIZATION_LEVEL = 0;
				GCC_PREPROCESSOR_DEFINITIONS = (
					"DEBUG=1",
					"$(inherited)",
				);
				GCC_WARN_64_TO_32_BIT_CONVERSION = YES;
				GCC_WARN_ABOUT_RETURN_TYPE = YES_ERROR;
				GCC_WARN_UNDECLARED_SELECTOR = YES;
				GCC_WARN_UNINITIALIZED_AUTOS = YES_AGGRESSIVE;
				GCC_WARN_UNUSED_FUNCTION = YES;
				GCC_WARN_UNUSED_VARIABLE = YES;
				IPHONEOS_DEPLOYMENT_TARGET = 13.4;
				MTL_ENABLE_DEBUG_INFO = INCLUDE_SOURCE;
				MTL_FAST_MATH = YES;
				ONLY_ACTIVE_ARCH = YES;
				SDKROOT = iphoneos;
				SWIFT_ACTIVE_COMPILATION_CONDITIONS = DEBUG;
				SWIFT_OPTIMIZATION_LEVEL = "-Onone";
			};
			name = Debug;
		};
		448B3BE42439AD8D00C8526F /* Release */ = {
			isa = XCBuildConfiguration;
			buildSettings = {
				ALWAYS_SEARCH_USER_PATHS = NO;
				CLANG_ANALYZER_NONNULL = YES;
				CLANG_ANALYZER_NUMBER_OBJECT_CONVERSION = YES_AGGRESSIVE;
				CLANG_CXX_LANGUAGE_STANDARD = "gnu++14";
				CLANG_CXX_LIBRARY = "libc++";
				CLANG_ENABLE_MODULES = YES;
				CLANG_ENABLE_OBJC_ARC = YES;
				CLANG_ENABLE_OBJC_WEAK = YES;
				CLANG_WARN_BLOCK_CAPTURE_AUTORELEASING = YES;
				CLANG_WARN_BOOL_CONVERSION = YES;
				CLANG_WARN_COMMA = YES;
				CLANG_WARN_CONSTANT_CONVERSION = YES;
				CLANG_WARN_DEPRECATED_OBJC_IMPLEMENTATIONS = YES;
				CLANG_WARN_DIRECT_OBJC_ISA_USAGE = YES_ERROR;
				CLANG_WARN_DOCUMENTATION_COMMENTS = YES;
				CLANG_WARN_EMPTY_BODY = YES;
				CLANG_WARN_ENUM_CONVERSION = YES;
				CLANG_WARN_INFINITE_RECURSION = YES;
				CLANG_WARN_INT_CONVERSION = YES;
				CLANG_WARN_NON_LITERAL_NULL_CONVERSION = YES;
				CLANG_WARN_OBJC_IMPLICIT_RETAIN_SELF = YES;
				CLANG_WARN_OBJC_LITERAL_CONVERSION = YES;
				CLANG_WARN_OBJC_ROOT_CLASS = YES_ERROR;
				CLANG_WARN_RANGE_LOOP_ANALYSIS = YES;
				CLANG_WARN_STRICT_PROTOTYPES = YES;
				CLANG_WARN_SUSPICIOUS_MOVE = YES;
				CLANG_WARN_UNGUARDED_AVAILABILITY = YES_AGGRESSIVE;
				CLANG_WARN_UNREACHABLE_CODE = YES;
				CLANG_WARN__DUPLICATE_METHOD_MATCH = YES;
				COPY_PHASE_STRIP = NO;
				DEBUG_INFORMATION_FORMAT = "dwarf-with-dsym";
				ENABLE_NS_ASSERTIONS = NO;
				ENABLE_STRICT_OBJC_MSGSEND = YES;
				GCC_C_LANGUAGE_STANDARD = gnu11;
				GCC_NO_COMMON_BLOCKS = YES;
				GCC_WARN_64_TO_32_BIT_CONVERSION = YES;
				GCC_WARN_ABOUT_RETURN_TYPE = YES_ERROR;
				GCC_WARN_UNDECLARED_SELECTOR = YES;
				GCC_WARN_UNINITIALIZED_AUTOS = YES_AGGRESSIVE;
				GCC_WARN_UNUSED_FUNCTION = YES;
				GCC_WARN_UNUSED_VARIABLE = YES;
				IPHONEOS_DEPLOYMENT_TARGET = 13.4;
				MTL_ENABLE_DEBUG_INFO = NO;
				MTL_FAST_MATH = YES;
				SDKROOT = iphoneos;
				SWIFT_COMPILATION_MODE = wholemodule;
				SWIFT_OPTIMIZATION_LEVEL = "-O";
				VALIDATE_PRODUCT = YES;
			};
			name = Release;
		};
		448B3BE62439AD8D00C8526F /* Debug */ = {
			isa = XCBuildConfiguration;
			buildSettings = {
				ASSETCATALOG_COMPILER_APPICON_NAME = AppIcon;
				CODE_SIGN_STYLE = Automatic;
				DEVELOPMENT_TEAM = CD6F43NYAS;
				INFOPLIST_FILE = "Covid19-Updates/Info.plist";
				IPHONEOS_DEPLOYMENT_TARGET = 13.0;
				LD_RUNPATH_SEARCH_PATHS = (
					"$(inherited)",
					"@executable_path/Frameworks",
				);
				PRODUCT_BUNDLE_IDENTIFIER = "com.soham.Covid19-Updates";
				PRODUCT_NAME = "$(TARGET_NAME)";
				SWIFT_OBJC_BRIDGING_HEADER = "Covid19-Updates/Covid19-Updates-Bridging-Header.h";
				SWIFT_VERSION = 5.0;
				TARGETED_DEVICE_FAMILY = 1;
			};
			name = Debug;
		};
		448B3BE72439AD8D00C8526F /* Release */ = {
			isa = XCBuildConfiguration;
			buildSettings = {
				ASSETCATALOG_COMPILER_APPICON_NAME = AppIcon;
				CODE_SIGN_STYLE = Automatic;
				DEVELOPMENT_TEAM = CD6F43NYAS;
				INFOPLIST_FILE = "Covid19-Updates/Info.plist";
				IPHONEOS_DEPLOYMENT_TARGET = 13.0;
				LD_RUNPATH_SEARCH_PATHS = (
					"$(inherited)",
					"@executable_path/Frameworks",
				);
				PRODUCT_BUNDLE_IDENTIFIER = "com.soham.Covid19-Updates";
				PRODUCT_NAME = "$(TARGET_NAME)";
				SWIFT_OBJC_BRIDGING_HEADER = "Covid19-Updates/Covid19-Updates-Bridging-Header.h";
				SWIFT_VERSION = 5.0;
				TARGETED_DEVICE_FAMILY = 1;
			};
			name = Release;
		};
		448B3BE92439AD8D00C8526F /* Debug */ = {
			isa = XCBuildConfiguration;
			buildSettings = {
				ALWAYS_EMBED_SWIFT_STANDARD_LIBRARIES = YES;
				BUNDLE_LOADER = "$(TEST_HOST)";
				CODE_SIGN_STYLE = Automatic;
				DEVELOPMENT_TEAM = CD6F43NYAS;
				INFOPLIST_FILE = "Covid19-UpdatesTests/Info.plist";
				IPHONEOS_DEPLOYMENT_TARGET = 13.4;
				LD_RUNPATH_SEARCH_PATHS = (
					"$(inherited)",
					"@executable_path/Frameworks",
					"@loader_path/Frameworks",
				);
				PRODUCT_BUNDLE_IDENTIFIER = "com.soham.Covid19-UpdatesTests";
				PRODUCT_NAME = "$(TARGET_NAME)";
				SWIFT_VERSION = 5.0;
				TARGETED_DEVICE_FAMILY = "1,2";
				TEST_HOST = "$(BUILT_PRODUCTS_DIR)/Covid19-Updates.app/Covid19-Updates";
			};
			name = Debug;
		};
		448B3BEA2439AD8D00C8526F /* Release */ = {
			isa = XCBuildConfiguration;
			buildSettings = {
				ALWAYS_EMBED_SWIFT_STANDARD_LIBRARIES = YES;
				BUNDLE_LOADER = "$(TEST_HOST)";
				CODE_SIGN_STYLE = Automatic;
				DEVELOPMENT_TEAM = CD6F43NYAS;
				INFOPLIST_FILE = "Covid19-UpdatesTests/Info.plist";
				IPHONEOS_DEPLOYMENT_TARGET = 13.4;
				LD_RUNPATH_SEARCH_PATHS = (
					"$(inherited)",
					"@executable_path/Frameworks",
					"@loader_path/Frameworks",
				);
				PRODUCT_BUNDLE_IDENTIFIER = "com.soham.Covid19-UpdatesTests";
				PRODUCT_NAME = "$(TARGET_NAME)";
				SWIFT_VERSION = 5.0;
				TARGETED_DEVICE_FAMILY = "1,2";
				TEST_HOST = "$(BUILT_PRODUCTS_DIR)/Covid19-Updates.app/Covid19-Updates";
			};
			name = Release;
		};
/* End XCBuildConfiguration section */

/* Begin XCConfigurationList section */
		448B3BC12439AD8700C8526F /* Build configuration list for PBXProject "Covid19-Updates" */ = {
			isa = XCConfigurationList;
			buildConfigurations = (
				448B3BE32439AD8D00C8526F /* Debug */,
				448B3BE42439AD8D00C8526F /* Release */,
			);
			defaultConfigurationIsVisible = 0;
			defaultConfigurationName = Release;
		};
		448B3BE52439AD8D00C8526F /* Build configuration list for PBXNativeTarget "Covid19-Updates" */ = {
			isa = XCConfigurationList;
			buildConfigurations = (
				448B3BE62439AD8D00C8526F /* Debug */,
				448B3BE72439AD8D00C8526F /* Release */,
			);
			defaultConfigurationIsVisible = 0;
			defaultConfigurationName = Release;
		};
		448B3BE82439AD8D00C8526F /* Build configuration list for PBXNativeTarget "Covid19-UpdatesTests" */ = {
			isa = XCConfigurationList;
			buildConfigurations = (
				448B3BE92439AD8D00C8526F /* Debug */,
				448B3BEA2439AD8D00C8526F /* Release */,
			);
			defaultConfigurationIsVisible = 0;
			defaultConfigurationName = Release;
		};
/* End XCConfigurationList section */

/* Begin XCRemoteSwiftPackageReference section */
		448B3C21243A0FD500C8526F /* XCRemoteSwiftPackageReference "Reachability" */ = {
			isa = XCRemoteSwiftPackageReference;
			repositoryURL = "https://github.com/ashleymills/Reachability.swift";
			requirement = {
				kind = upToNextMajorVersion;
				minimumVersion = 5.0.0;
			};
		};
		44EFA0592441FA270014F221 /* XCRemoteSwiftPackageReference "Charts" */ = {
			isa = XCRemoteSwiftPackageReference;
			repositoryURL = "https://github.com/danielgindi/Charts.git";
			requirement = {
				kind = upToNextMajorVersion;
				minimumVersion = 3.4.0;
			};
		};
/* End XCRemoteSwiftPackageReference section */

/* Begin XCSwiftPackageProductDependency section */
		448B3C22243A0FD500C8526F /* Reachability */ = {
			isa = XCSwiftPackageProductDependency;
			package = 448B3C21243A0FD500C8526F /* XCRemoteSwiftPackageReference "Reachability" */;
			productName = Reachability;
		};
		44EFA05A2441FA270014F221 /* Charts */ = {
			isa = XCSwiftPackageProductDependency;
			package = 44EFA0592441FA270014F221 /* XCRemoteSwiftPackageReference "Charts" */;
			productName = Charts;
		};
/* End XCSwiftPackageProductDependency section */
	};
	rootObject = 448B3BBE2439AD8700C8526F /* Project object */;
}
